// !$*UTF8*$!
{
	archiveVersion = 1;
	classes = {
	};
	objectVersion = 46;
	objects = {

/* Begin PBXBuildFile section */
		6538FFBE7DD04B124609C2E6 /* Pods_Connoisseur_Club_Central.framework in Frameworks */ = {isa = PBXBuildFile; fileRef = 6865B1F5C1515BCB04313427 /* Pods_Connoisseur_Club_Central.framework */; };
		9904A1571ED5CE3700EC3D36 /* Assets in Resources */ = {isa = PBXBuildFile; fileRef = 9904A1561ED5CE3700EC3D36 /* Assets */; };
		990EA95A1EC30070002D0842 /* BeerList.swift in Sources */ = {isa = PBXBuildFile; fileRef = 990EA9591EC30070002D0842 /* BeerList.swift */; };
		9920E08E1ED91405008D6BA3 /* Export236.jpg in Resources */ = {isa = PBXBuildFile; fileRef = 9920E08D1ED91405008D6BA3 /* Export236.jpg */; };
		9931F8601E930A19005D9D20 /* ProfilePic.jpg in Resources */ = {isa = PBXBuildFile; fileRef = 9931F85F1E930A19005D9D20 /* ProfilePic.jpg */; };
		9931F8621E931B16005D9D20 /* MyBeersViewController.swift in Sources */ = {isa = PBXBuildFile; fileRef = 9931F8611E931B16005D9D20 /* MyBeersViewController.swift */; };
		99692A771ED27897003AC326 /* QuickAddTableViewCell.swift in Sources */ = {isa = PBXBuildFile; fileRef = 99692A761ED27897003AC326 /* QuickAddTableViewCell.swift */; };
		996D3AE51EC3EF4E007C3DA5 /* Connoisseur.swift in Sources */ = {isa = PBXBuildFile; fileRef = 996D3AE41EC3EF4E007C3DA5 /* Connoisseur.swift */; };
		9986684C1E8DA6D10094FFC0 /* ProfileViewController.swift in Sources */ = {isa = PBXBuildFile; fileRef = 9986684B1E8DA6D10094FFC0 /* ProfileViewController.swift */; };
		998668521E8DAA6D0094FFC0 /* TodaysBeersViewController.swift in Sources */ = {isa = PBXBuildFile; fileRef = 998668511E8DAA6D0094FFC0 /* TodaysBeersViewController.swift */; };
		998775501E9B6DA80003B13F /* GoogleService-Info.plist in Resources */ = {isa = PBXBuildFile; fileRef = 9987754F1E9B6DA80003B13F /* GoogleService-Info.plist */; };
		998775521E9C23490003B13F /* Constants.swift in Sources */ = {isa = PBXBuildFile; fileRef = 998775511E9C23490003B13F /* Constants.swift */; };
		99B3C0431EC5160B0021B29C /* Server.swift in Sources */ = {isa = PBXBuildFile; fileRef = 99B3C0421EC5160B0021B29C /* Server.swift */; };
		99B3C0451EC51B5D0021B29C /* LoginViewController.swift in Sources */ = {isa = PBXBuildFile; fileRef = 99B3C0441EC51B5D0021B29C /* LoginViewController.swift */; };
		99C52BA71E6E26C300B7F9F6 /* AppDelegate.swift in Sources */ = {isa = PBXBuildFile; fileRef = 99C52BA61E6E26C300B7F9F6 /* AppDelegate.swift */; };
		99C52BA91E6E26C300B7F9F6 /* QuickAddViewController.swift in Sources */ = {isa = PBXBuildFile; fileRef = 99C52BA81E6E26C300B7F9F6 /* QuickAddViewController.swift */; };
		99C52BAB1E6E26C300B7F9F6 /* BeerListViewController.swift in Sources */ = {isa = PBXBuildFile; fileRef = 99C52BAA1E6E26C300B7F9F6 /* BeerListViewController.swift */; };
		99C52BAE1E6E26C300B7F9F6 /* Main.storyboard in Resources */ = {isa = PBXBuildFile; fileRef = 99C52BAC1E6E26C300B7F9F6 /* Main.storyboard */; };
		99C52BB01E6E26C300B7F9F6 /* Assets.xcassets in Resources */ = {isa = PBXBuildFile; fileRef = 99C52BAF1E6E26C300B7F9F6 /* Assets.xcassets */; };
		99C52BB31E6E26C300B7F9F6 /* LaunchScreen.storyboard in Resources */ = {isa = PBXBuildFile; fileRef = 99C52BB11E6E26C300B7F9F6 /* LaunchScreen.storyboard */; };
		99C52BBE1E6E26C300B7F9F6 /* Connoisseur_Club_CentralTests.swift in Sources */ = {isa = PBXBuildFile; fileRef = 99C52BBD1E6E26C300B7F9F6 /* Connoisseur_Club_CentralTests.swift */; };
		99C52BC91E6E26C300B7F9F6 /* Connoisseur_Club_CentralUITests.swift in Sources */ = {isa = PBXBuildFile; fileRef = 99C52BC81E6E26C300B7F9F6 /* Connoisseur_Club_CentralUITests.swift */; };
		99C52BD71E6E27B800B7F9F6 /* BeerListingTableViewCell.swift in Sources */ = {isa = PBXBuildFile; fileRef = 99C52BD61E6E27B800B7F9F6 /* BeerListingTableViewCell.swift */; };
		99C52BD91E6E3FA200B7F9F6 /* Beer.swift in Sources */ = {isa = PBXBuildFile; fileRef = 99C52BD81E6E3FA200B7F9F6 /* Beer.swift */; };
		99D5D7B91E985B3800096426 /* TheBeerList.csv in Resources */ = {isa = PBXBuildFile; fileRef = 99D5D7B81E985B3800096426 /* TheBeerList.csv */; };
		C4510B5E040BF8F80C5D4CDF /* Pods_Connoisseur_Club_CentralTests.framework in Frameworks */ = {isa = PBXBuildFile; fileRef = 95CC7599D9236874BE0BA8E7 /* Pods_Connoisseur_Club_CentralTests.framework */; };
		CAD5F34D10AC1ADF99F47C06 /* Pods_Connoisseur_Club_CentralUITests.framework in Frameworks */ = {isa = PBXBuildFile; fileRef = 02B8F61980CB0337E1E62DDE /* Pods_Connoisseur_Club_CentralUITests.framework */; };
/* End PBXBuildFile section */

/* Begin PBXContainerItemProxy section */
		99C52BBA1E6E26C300B7F9F6 /* PBXContainerItemProxy */ = {
			isa = PBXContainerItemProxy;
			containerPortal = 99C52B9B1E6E26C300B7F9F6 /* Project object */;
			proxyType = 1;
			remoteGlobalIDString = 99C52BA21E6E26C300B7F9F6;
			remoteInfo = "Connoisseur Club Central";
		};
		99C52BC51E6E26C300B7F9F6 /* PBXContainerItemProxy */ = {
			isa = PBXContainerItemProxy;
			containerPortal = 99C52B9B1E6E26C300B7F9F6 /* Project object */;
			proxyType = 1;
			remoteGlobalIDString = 99C52BA21E6E26C300B7F9F6;
			remoteInfo = "Connoisseur Club Central";
		};
/* End PBXContainerItemProxy section */

/* Begin PBXFileReference section */
		02B8F61980CB0337E1E62DDE /* Pods_Connoisseur_Club_CentralUITests.framework */ = {isa = PBXFileReference; explicitFileType = wrapper.framework; includeInIndex = 0; path = Pods_Connoisseur_Club_CentralUITests.framework; sourceTree = BUILT_PRODUCTS_DIR; };
		10DC687D1AD44D5E9276195A /* Pods-Connoisseur Club Central.release.xcconfig */ = {isa = PBXFileReference; includeInIndex = 1; lastKnownFileType = text.xcconfig; name = "Pods-Connoisseur Club Central.release.xcconfig"; path = "Pods/Target Support Files/Pods-Connoisseur Club Central/Pods-Connoisseur Club Central.release.xcconfig"; sourceTree = "<group>"; };
		161985B831FE20EA499430F1 /* Pods-Connoisseur Club CentralTests.release.xcconfig */ = {isa = PBXFileReference; includeInIndex = 1; lastKnownFileType = text.xcconfig; name = "Pods-Connoisseur Club CentralTests.release.xcconfig"; path = "Pods/Target Support Files/Pods-Connoisseur Club CentralTests/Pods-Connoisseur Club CentralTests.release.xcconfig"; sourceTree = "<group>"; };
		235945F4578D4326D07CD9CA /* Pods-Connoisseur Club Central.debug.xcconfig */ = {isa = PBXFileReference; includeInIndex = 1; lastKnownFileType = text.xcconfig; name = "Pods-Connoisseur Club Central.debug.xcconfig"; path = "Pods/Target Support Files/Pods-Connoisseur Club Central/Pods-Connoisseur Club Central.debug.xcconfig"; sourceTree = "<group>"; };
		6865B1F5C1515BCB04313427 /* Pods_Connoisseur_Club_Central.framework */ = {isa = PBXFileReference; explicitFileType = wrapper.framework; includeInIndex = 0; path = Pods_Connoisseur_Club_Central.framework; sourceTree = BUILT_PRODUCTS_DIR; };
		95CC7599D9236874BE0BA8E7 /* Pods_Connoisseur_Club_CentralTests.framework */ = {isa = PBXFileReference; explicitFileType = wrapper.framework; includeInIndex = 0; path = Pods_Connoisseur_Club_CentralTests.framework; sourceTree = BUILT_PRODUCTS_DIR; };
		9904A1561ED5CE3700EC3D36 /* Assets */ = {isa = PBXFileReference; lastKnownFileType = folder; path = Assets; sourceTree = "<group>"; };
		990EA9591EC30070002D0842 /* BeerList.swift */ = {isa = PBXFileReference; fileEncoding = 4; lastKnownFileType = sourcecode.swift; path = BeerList.swift; sourceTree = "<group>"; };
		9920E08D1ED91405008D6BA3 /* Export236.jpg */ = {isa = PBXFileReference; lastKnownFileType = image.jpeg; name = Export236.jpg; path = Assets/Export236.jpg; sourceTree = "<group>"; };
		9931F85F1E930A19005D9D20 /* ProfilePic.jpg */ = {isa = PBXFileReference; lastKnownFileType = image.jpeg; path = ProfilePic.jpg; sourceTree = "<group>"; };
		9931F8611E931B16005D9D20 /* MyBeersViewController.swift */ = {isa = PBXFileReference; fileEncoding = 4; lastKnownFileType = sourcecode.swift; path = MyBeersViewController.swift; sourceTree = "<group>"; };
		99692A761ED27897003AC326 /* QuickAddTableViewCell.swift */ = {isa = PBXFileReference; fileEncoding = 4; lastKnownFileType = sourcecode.swift; path = QuickAddTableViewCell.swift; sourceTree = "<group>"; };
		996D3AE41EC3EF4E007C3DA5 /* Connoisseur.swift */ = {isa = PBXFileReference; fileEncoding = 4; lastKnownFileType = sourcecode.swift; path = Connoisseur.swift; sourceTree = "<group>"; };
		9986684B1E8DA6D10094FFC0 /* ProfileViewController.swift */ = {isa = PBXFileReference; fileEncoding = 4; lastKnownFileType = sourcecode.swift; path = ProfileViewController.swift; sourceTree = "<group>"; };
		998668511E8DAA6D0094FFC0 /* TodaysBeersViewController.swift */ = {isa = PBXFileReference; fileEncoding = 4; lastKnownFileType = sourcecode.swift; path = TodaysBeersViewController.swift; sourceTree = "<group>"; };
		9987754F1E9B6DA80003B13F /* GoogleService-Info.plist */ = {isa = PBXFileReference; fileEncoding = 4; lastKnownFileType = text.plist.xml; name = "GoogleService-Info.plist"; path = "Connoisseur Club Central/GoogleService-Info.plist"; sourceTree = "<group>"; };
		998775511E9C23490003B13F /* Constants.swift */ = {isa = PBXFileReference; fileEncoding = 4; lastKnownFileType = sourcecode.swift; path = Constants.swift; sourceTree = "<group>"; };
		99B3C0421EC5160B0021B29C /* Server.swift */ = {isa = PBXFileReference; fileEncoding = 4; lastKnownFileType = sourcecode.swift; path = Server.swift; sourceTree = "<group>"; };
		99B3C0441EC51B5D0021B29C /* LoginViewController.swift */ = {isa = PBXFileReference; fileEncoding = 4; lastKnownFileType = sourcecode.swift; path = LoginViewController.swift; sourceTree = "<group>"; };
		99C52BA31E6E26C300B7F9F6 /* Connoisseur Club Central.app */ = {isa = PBXFileReference; explicitFileType = wrapper.application; includeInIndex = 0; path = "Connoisseur Club Central.app"; sourceTree = BUILT_PRODUCTS_DIR; };
		99C52BA61E6E26C300B7F9F6 /* AppDelegate.swift */ = {isa = PBXFileReference; lastKnownFileType = sourcecode.swift; path = AppDelegate.swift; sourceTree = "<group>"; };
		99C52BA81E6E26C300B7F9F6 /* QuickAddViewController.swift */ = {isa = PBXFileReference; lastKnownFileType = sourcecode.swift; path = QuickAddViewController.swift; sourceTree = "<group>"; };
		99C52BAA1E6E26C300B7F9F6 /* BeerListViewController.swift */ = {isa = PBXFileReference; lastKnownFileType = sourcecode.swift; path = BeerListViewController.swift; sourceTree = "<group>"; };
		99C52BAD1E6E26C300B7F9F6 /* Base */ = {isa = PBXFileReference; lastKnownFileType = file.storyboard; name = Base; path = Base.lproj/Main.storyboard; sourceTree = "<group>"; };
		99C52BAF1E6E26C300B7F9F6 /* Assets.xcassets */ = {isa = PBXFileReference; lastKnownFileType = folder.assetcatalog; path = Assets.xcassets; sourceTree = "<group>"; };
		99C52BB21E6E26C300B7F9F6 /* Base */ = {isa = PBXFileReference; lastKnownFileType = file.storyboard; name = Base; path = Base.lproj/LaunchScreen.storyboard; sourceTree = "<group>"; };
		99C52BB41E6E26C300B7F9F6 /* Info.plist */ = {isa = PBXFileReference; lastKnownFileType = text.plist.xml; path = Info.plist; sourceTree = "<group>"; };
		99C52BB91E6E26C300B7F9F6 /* Connoisseur Club CentralTests.xctest */ = {isa = PBXFileReference; explicitFileType = wrapper.cfbundle; includeInIndex = 0; path = "Connoisseur Club CentralTests.xctest"; sourceTree = BUILT_PRODUCTS_DIR; };
		99C52BBD1E6E26C300B7F9F6 /* Connoisseur_Club_CentralTests.swift */ = {isa = PBXFileReference; lastKnownFileType = sourcecode.swift; path = Connoisseur_Club_CentralTests.swift; sourceTree = "<group>"; };
		99C52BBF1E6E26C300B7F9F6 /* Info.plist */ = {isa = PBXFileReference; lastKnownFileType = text.plist.xml; path = Info.plist; sourceTree = "<group>"; };
		99C52BC41E6E26C300B7F9F6 /* Connoisseur Club CentralUITests.xctest */ = {isa = PBXFileReference; explicitFileType = wrapper.cfbundle; includeInIndex = 0; path = "Connoisseur Club CentralUITests.xctest"; sourceTree = BUILT_PRODUCTS_DIR; };
		99C52BC81E6E26C300B7F9F6 /* Connoisseur_Club_CentralUITests.swift */ = {isa = PBXFileReference; lastKnownFileType = sourcecode.swift; path = Connoisseur_Club_CentralUITests.swift; sourceTree = "<group>"; };
		99C52BCA1E6E26C300B7F9F6 /* Info.plist */ = {isa = PBXFileReference; lastKnownFileType = text.plist.xml; path = Info.plist; sourceTree = "<group>"; };
		99C52BD61E6E27B800B7F9F6 /* BeerListingTableViewCell.swift */ = {isa = PBXFileReference; fileEncoding = 4; lastKnownFileType = sourcecode.swift; path = BeerListingTableViewCell.swift; sourceTree = "<group>"; };
		99C52BD81E6E3FA200B7F9F6 /* Beer.swift */ = {isa = PBXFileReference; fileEncoding = 4; lastKnownFileType = sourcecode.swift; path = Beer.swift; sourceTree = "<group>"; };
		99D5D7B81E985B3800096426 /* TheBeerList.csv */ = {isa = PBXFileReference; fileEncoding = 4; lastKnownFileType = text; path = TheBeerList.csv; sourceTree = "<group>"; };
		A3FEF1FF31E7C28AA45AA975 /* Pods-Connoisseur Club CentralUITests.debug.xcconfig */ = {isa = PBXFileReference; includeInIndex = 1; lastKnownFileType = text.xcconfig; name = "Pods-Connoisseur Club CentralUITests.debug.xcconfig"; path = "Pods/Target Support Files/Pods-Connoisseur Club CentralUITests/Pods-Connoisseur Club CentralUITests.debug.xcconfig"; sourceTree = "<group>"; };
		A7F024FD6DEA828FB02E138E /* Pods-Connoisseur Club CentralTests.debug.xcconfig */ = {isa = PBXFileReference; includeInIndex = 1; lastKnownFileType = text.xcconfig; name = "Pods-Connoisseur Club CentralTests.debug.xcconfig"; path = "Pods/Target Support Files/Pods-Connoisseur Club CentralTests/Pods-Connoisseur Club CentralTests.debug.xcconfig"; sourceTree = "<group>"; };
		C09D2730E7BC85429EFA1037 /* Pods-Connoisseur Club CentralUITests.release.xcconfig */ = {isa = PBXFileReference; includeInIndex = 1; lastKnownFileType = text.xcconfig; name = "Pods-Connoisseur Club CentralUITests.release.xcconfig"; path = "Pods/Target Support Files/Pods-Connoisseur Club CentralUITests/Pods-Connoisseur Club CentralUITests.release.xcconfig"; sourceTree = "<group>"; };
/* End PBXFileReference section */

/* Begin PBXFrameworksBuildPhase section */
		99C52BA01E6E26C300B7F9F6 /* Frameworks */ = {
			isa = PBXFrameworksBuildPhase;
			buildActionMask = 2147483647;
			files = (
				6538FFBE7DD04B124609C2E6 /* Pods_Connoisseur_Club_Central.framework in Frameworks */,
			);
			runOnlyForDeploymentPostprocessing = 0;
		};
		99C52BB61E6E26C300B7F9F6 /* Frameworks */ = {
			isa = PBXFrameworksBuildPhase;
			buildActionMask = 2147483647;
			files = (
				C4510B5E040BF8F80C5D4CDF /* Pods_Connoisseur_Club_CentralTests.framework in Frameworks */,
			);
			runOnlyForDeploymentPostprocessing = 0;
		};
		99C52BC11E6E26C300B7F9F6 /* Frameworks */ = {
			isa = PBXFrameworksBuildPhase;
			buildActionMask = 2147483647;
			files = (
				CAD5F34D10AC1ADF99F47C06 /* Pods_Connoisseur_Club_CentralUITests.framework in Frameworks */,
			);
			runOnlyForDeploymentPostprocessing = 0;
		};
/* End PBXFrameworksBuildPhase section */

/* Begin PBXGroup section */
		0B1B79EF187444B32E9EAFEA /* Pods */ = {
			isa = PBXGroup;
			children = (
				235945F4578D4326D07CD9CA /* Pods-Connoisseur Club Central.debug.xcconfig */,
				10DC687D1AD44D5E9276195A /* Pods-Connoisseur Club Central.release.xcconfig */,
				A7F024FD6DEA828FB02E138E /* Pods-Connoisseur Club CentralTests.debug.xcconfig */,
				161985B831FE20EA499430F1 /* Pods-Connoisseur Club CentralTests.release.xcconfig */,
				A3FEF1FF31E7C28AA45AA975 /* Pods-Connoisseur Club CentralUITests.debug.xcconfig */,
				C09D2730E7BC85429EFA1037 /* Pods-Connoisseur Club CentralUITests.release.xcconfig */,
			);
			name = Pods;
			sourceTree = "<group>";
		};
		6904F6D35B3F6C736EA2CDCF /* Frameworks */ = {
			isa = PBXGroup;
			children = (
				6865B1F5C1515BCB04313427 /* Pods_Connoisseur_Club_Central.framework */,
				95CC7599D9236874BE0BA8E7 /* Pods_Connoisseur_Club_CentralTests.framework */,
				02B8F61980CB0337E1E62DDE /* Pods_Connoisseur_Club_CentralUITests.framework */,
			);
			name = Frameworks;
			sourceTree = "<group>";
		};
		998668551E8DF4BD0094FFC0 /* Table Cells */ = {
			isa = PBXGroup;
			children = (
				99C52BD61E6E27B800B7F9F6 /* BeerListingTableViewCell.swift */,
				99692A761ED27897003AC326 /* QuickAddTableViewCell.swift */,
			);
			name = "Table Cells";
			sourceTree = "<group>";
		};
		998775531E9C23630003B13F /* ViewControllers */ = {
			isa = PBXGroup;
			children = (
				99B3C0441EC51B5D0021B29C /* LoginViewController.swift */,
				99C52BA81E6E26C300B7F9F6 /* QuickAddViewController.swift */,
				99C52BAA1E6E26C300B7F9F6 /* BeerListViewController.swift */,
				998668511E8DAA6D0094FFC0 /* TodaysBeersViewController.swift */,
				9986684B1E8DA6D10094FFC0 /* ProfileViewController.swift */,
				9931F8611E931B16005D9D20 /* MyBeersViewController.swift */,
			);
			name = ViewControllers;
			sourceTree = "<group>";
		};
		99C52B9A1E6E26C300B7F9F6 = {
			isa = PBXGroup;
			children = (
				9987754F1E9B6DA80003B13F /* GoogleService-Info.plist */,
				99C52BA51E6E26C300B7F9F6 /* Connoisseur Club Central */,
				99C52BBC1E6E26C300B7F9F6 /* Connoisseur Club CentralTests */,
				99C52BC71E6E26C300B7F9F6 /* Connoisseur Club CentralUITests */,
				99C52BA41E6E26C300B7F9F6 /* Products */,
				0B1B79EF187444B32E9EAFEA /* Pods */,
				6904F6D35B3F6C736EA2CDCF /* Frameworks */,
			);
			sourceTree = "<group>";
		};
		99C52BA41E6E26C300B7F9F6 /* Products */ = {
			isa = PBXGroup;
			children = (
				99C52BA31E6E26C300B7F9F6 /* Connoisseur Club Central.app */,
				99C52BB91E6E26C300B7F9F6 /* Connoisseur Club CentralTests.xctest */,
				99C52BC41E6E26C300B7F9F6 /* Connoisseur Club CentralUITests.xctest */,
			);
			name = Products;
			sourceTree = "<group>";
		};
		99C52BA51E6E26C300B7F9F6 /* Connoisseur Club Central */ = {
			isa = PBXGroup;
			children = (
				99C52BAC1E6E26C300B7F9F6 /* Main.storyboard */,
				99C52BA61E6E26C300B7F9F6 /* AppDelegate.swift */,
				998775511E9C23490003B13F /* Constants.swift */,
				9920E08D1ED91405008D6BA3 /* Export236.jpg */,
				99D5D7BE1E98601D00096426 /* Data Model */,
				998775531E9C23630003B13F /* ViewControllers */,
				998668551E8DF4BD0094FFC0 /* Table Cells */,
				9904A1561ED5CE3700EC3D36 /* Assets */,
				99C52BAF1E6E26C300B7F9F6 /* Assets.xcassets */,
				9931F85F1E930A19005D9D20 /* ProfilePic.jpg */,
				99C52BB11E6E26C300B7F9F6 /* LaunchScreen.storyboard */,
				99D5D7B81E985B3800096426 /* TheBeerList.csv */,
				99C52BB41E6E26C300B7F9F6 /* Info.plist */,
			);
			path = "Connoisseur Club Central";
			sourceTree = "<group>";
		};
		99C52BBC1E6E26C300B7F9F6 /* Connoisseur Club CentralTests */ = {
			isa = PBXGroup;
			children = (
				99C52BBD1E6E26C300B7F9F6 /* Connoisseur_Club_CentralTests.swift */,
				99C52BBF1E6E26C300B7F9F6 /* Info.plist */,
			);
			path = "Connoisseur Club CentralTests";
			sourceTree = "<group>";
		};
		99C52BC71E6E26C300B7F9F6 /* Connoisseur Club CentralUITests */ = {
			isa = PBXGroup;
			children = (
				99C52BC81E6E26C300B7F9F6 /* Connoisseur_Club_CentralUITests.swift */,
				99C52BCA1E6E26C300B7F9F6 /* Info.plist */,
			);
			path = "Connoisseur Club CentralUITests";
			sourceTree = "<group>";
		};
		99D5D7BE1E98601D00096426 /* Data Model */ = {
			isa = PBXGroup;
			children = (
				996D3AE41EC3EF4E007C3DA5 /* Connoisseur.swift */,
				99C52BD81E6E3FA200B7F9F6 /* Beer.swift */,
				990EA9591EC30070002D0842 /* BeerList.swift */,
				99B3C0421EC5160B0021B29C /* Server.swift */,
			);
			name = "Data Model";
			sourceTree = "<group>";
		};
/* End PBXGroup section */

/* Begin PBXNativeTarget section */
		99C52BA21E6E26C300B7F9F6 /* Connoisseur Club Central */ = {
			isa = PBXNativeTarget;
			buildConfigurationList = 99C52BCD1E6E26C300B7F9F6 /* Build configuration list for PBXNativeTarget "Connoisseur Club Central" */;
			buildPhases = (
				AA3D4857D7F3C9FCD5A6E0C9 /* [CP] Check Pods Manifest.lock */,
				99C52B9F1E6E26C300B7F9F6 /* Sources */,
				99C52BA01E6E26C300B7F9F6 /* Frameworks */,
				99C52BA11E6E26C300B7F9F6 /* Resources */,
				E02F7756E34D2252E1AF5BBC /* [CP] Embed Pods Frameworks */,
				97F2194FF4A8CF0C3B9B32E1 /* [CP] Copy Pods Resources */,
			);
			buildRules = (
			);
			dependencies = (
			);
			name = "Connoisseur Club Central";
			productName = "Connoisseur Club Central";
			productReference = 99C52BA31E6E26C300B7F9F6 /* Connoisseur Club Central.app */;
			productType = "com.apple.product-type.application";
		};
		99C52BB81E6E26C300B7F9F6 /* Connoisseur Club CentralTests */ = {
			isa = PBXNativeTarget;
			buildConfigurationList = 99C52BD01E6E26C300B7F9F6 /* Build configuration list for PBXNativeTarget "Connoisseur Club CentralTests" */;
			buildPhases = (
				397EC9DBD6C088DD9C1FFA86 /* [CP] Check Pods Manifest.lock */,
				99C52BB51E6E26C300B7F9F6 /* Sources */,
				99C52BB61E6E26C300B7F9F6 /* Frameworks */,
				99C52BB71E6E26C300B7F9F6 /* Resources */,
				43099724C90F556BD28015F8 /* [CP] Embed Pods Frameworks */,
				F0F28168AB707E2025933530 /* [CP] Copy Pods Resources */,
			);
			buildRules = (
			);
			dependencies = (
				99C52BBB1E6E26C300B7F9F6 /* PBXTargetDependency */,
			);
			name = "Connoisseur Club CentralTests";
			productName = "Connoisseur Club CentralTests";
			productReference = 99C52BB91E6E26C300B7F9F6 /* Connoisseur Club CentralTests.xctest */;
			productType = "com.apple.product-type.bundle.unit-test";
		};
		99C52BC31E6E26C300B7F9F6 /* Connoisseur Club CentralUITests */ = {
			isa = PBXNativeTarget;
			buildConfigurationList = 99C52BD31E6E26C300B7F9F6 /* Build configuration list for PBXNativeTarget "Connoisseur Club CentralUITests" */;
			buildPhases = (
				6C7DD2CA97BA1B0526234FE6 /* [CP] Check Pods Manifest.lock */,
				99C52BC01E6E26C300B7F9F6 /* Sources */,
				99C52BC11E6E26C300B7F9F6 /* Frameworks */,
				99C52BC21E6E26C300B7F9F6 /* Resources */,
				1B888CD6D2E960ACE0E8ACBF /* [CP] Embed Pods Frameworks */,
				A767E2CACFD3AF514575FD7E /* [CP] Copy Pods Resources */,
			);
			buildRules = (
			);
			dependencies = (
				99C52BC61E6E26C300B7F9F6 /* PBXTargetDependency */,
			);
			name = "Connoisseur Club CentralUITests";
			productName = "Connoisseur Club CentralUITests";
			productReference = 99C52BC41E6E26C300B7F9F6 /* Connoisseur Club CentralUITests.xctest */;
			productType = "com.apple.product-type.bundle.ui-testing";
		};
/* End PBXNativeTarget section */

/* Begin PBXProject section */
		99C52B9B1E6E26C300B7F9F6 /* Project object */ = {
			isa = PBXProject;
			attributes = {
				LastSwiftUpdateCheck = 0820;
				LastUpgradeCheck = 0820;
				ORGANIZATIONNAME = "Joeseidon, King of the Joecean";
				TargetAttributes = {
					99C52BA21E6E26C300B7F9F6 = {
						CreatedOnToolsVersion = 8.2.1;
						DevelopmentTeam = UZ35626636;
						ProvisioningStyle = Automatic;
					};
					99C52BB81E6E26C300B7F9F6 = {
						CreatedOnToolsVersion = 8.2.1;
						ProvisioningStyle = Automatic;
						TestTargetID = 99C52BA21E6E26C300B7F9F6;
					};
					99C52BC31E6E26C300B7F9F6 = {
						CreatedOnToolsVersion = 8.2.1;
						ProvisioningStyle = Automatic;
						TestTargetID = 99C52BA21E6E26C300B7F9F6;
					};
				};
			};
			buildConfigurationList = 99C52B9E1E6E26C300B7F9F6 /* Build configuration list for PBXProject "Connoisseur Club Central" */;
			compatibilityVersion = "Xcode 3.2";
			developmentRegion = English;
			hasScannedForEncodings = 0;
			knownRegions = (
				en,
				Base,
			);
			mainGroup = 99C52B9A1E6E26C300B7F9F6;
			productRefGroup = 99C52BA41E6E26C300B7F9F6 /* Products */;
			projectDirPath = "";
			projectRoot = "";
			targets = (
				99C52BA21E6E26C300B7F9F6 /* Connoisseur Club Central */,
				99C52BB81E6E26C300B7F9F6 /* Connoisseur Club CentralTests */,
				99C52BC31E6E26C300B7F9F6 /* Connoisseur Club CentralUITests */,
			);
		};
/* End PBXProject section */

/* Begin PBXResourcesBuildPhase section */
		99C52BA11E6E26C300B7F9F6 /* Resources */ = {
			isa = PBXResourcesBuildPhase;
			buildActionMask = 2147483647;
			files = (
				99C52BB31E6E26C300B7F9F6 /* LaunchScreen.storyboard in Resources */,
				9920E08E1ED91405008D6BA3 /* Export236.jpg in Resources */,
				99D5D7B91E985B3800096426 /* TheBeerList.csv in Resources */,
				99C52BB01E6E26C300B7F9F6 /* Assets.xcassets in Resources */,
				9931F8601E930A19005D9D20 /* ProfilePic.jpg in Resources */,
				99C52BAE1E6E26C300B7F9F6 /* Main.storyboard in Resources */,
				998775501E9B6DA80003B13F /* GoogleService-Info.plist in Resources */,
				9904A1571ED5CE3700EC3D36 /* Assets in Resources */,
			);
			runOnlyForDeploymentPostprocessing = 0;
		};
		99C52BB71E6E26C300B7F9F6 /* Resources */ = {
			isa = PBXResourcesBuildPhase;
			buildActionMask = 2147483647;
			files = (
			);
			runOnlyForDeploymentPostprocessing = 0;
		};
		99C52BC21E6E26C300B7F9F6 /* Resources */ = {
			isa = PBXResourcesBuildPhase;
			buildActionMask = 2147483647;
			files = (
			);
			runOnlyForDeploymentPostprocessing = 0;
		};
/* End PBXResourcesBuildPhase section */

/* Begin PBXShellScriptBuildPhase section */
		1B888CD6D2E960ACE0E8ACBF /* [CP] Embed Pods Frameworks */ = {
			isa = PBXShellScriptBuildPhase;
			buildActionMask = 2147483647;
			files = (
			);
			inputPaths = (
			);
			name = "[CP] Embed Pods Frameworks";
			outputPaths = (
			);
			runOnlyForDeploymentPostprocessing = 0;
			shellPath = /bin/sh;
			shellScript = "\"${SRCROOT}/Pods/Target Support Files/Pods-Connoisseur Club CentralUITests/Pods-Connoisseur Club CentralUITests-frameworks.sh\"\n";
			showEnvVarsInLog = 0;
		};
		397EC9DBD6C088DD9C1FFA86 /* [CP] Check Pods Manifest.lock */ = {
			isa = PBXShellScriptBuildPhase;
			buildActionMask = 2147483647;
			files = (
			);
			inputPaths = (
			);
			name = "[CP] Check Pods Manifest.lock";
			outputPaths = (
			);
			runOnlyForDeploymentPostprocessing = 0;
			shellPath = /bin/sh;
			shellScript = "diff \"${PODS_PODFILE_DIR_PATH}/Podfile.lock\" \"${PODS_ROOT}/Manifest.lock\" > /dev/null\nif [ $? != 0 ] ; then\n    # print error to STDERR\n    echo \"error: The sandbox is not in sync with the Podfile.lock. Run 'pod install' or update your CocoaPods installation.\" >&2\n    exit 1\nfi\n";
			showEnvVarsInLog = 0;
		};
		43099724C90F556BD28015F8 /* [CP] Embed Pods Frameworks */ = {
			isa = PBXShellScriptBuildPhase;
			buildActionMask = 2147483647;
			files = (
			);
			inputPaths = (
			);
			name = "[CP] Embed Pods Frameworks";
			outputPaths = (
			);
			runOnlyForDeploymentPostprocessing = 0;
			shellPath = /bin/sh;
			shellScript = "\"${SRCROOT}/Pods/Target Support Files/Pods-Connoisseur Club CentralTests/Pods-Connoisseur Club CentralTests-frameworks.sh\"\n";
			showEnvVarsInLog = 0;
		};
		6C7DD2CA97BA1B0526234FE6 /* [CP] Check Pods Manifest.lock */ = {
			isa = PBXShellScriptBuildPhase;
			buildActionMask = 2147483647;
			files = (
			);
			inputPaths = (
			);
			name = "[CP] Check Pods Manifest.lock";
			outputPaths = (
			);
			runOnlyForDeploymentPostprocessing = 0;
			shellPath = /bin/sh;
			shellScript = "diff \"${PODS_PODFILE_DIR_PATH}/Podfile.lock\" \"${PODS_ROOT}/Manifest.lock\" > /dev/null\nif [ $? != 0 ] ; then\n    # print error to STDERR\n    echo \"error: The sandbox is not in sync with the Podfile.lock. Run 'pod install' or update your CocoaPods installation.\" >&2\n    exit 1\nfi\n";
			showEnvVarsInLog = 0;
		};
		97F2194FF4A8CF0C3B9B32E1 /* [CP] Copy Pods Resources */ = {
			isa = PBXShellScriptBuildPhase;
			buildActionMask = 2147483647;
			files = (
			);
			inputPaths = (
			);
			name = "[CP] Copy Pods Resources";
			outputPaths = (
			);
			runOnlyForDeploymentPostprocessing = 0;
			shellPath = /bin/sh;
			shellScript = "\"${SRCROOT}/Pods/Target Support Files/Pods-Connoisseur Club Central/Pods-Connoisseur Club Central-resources.sh\"\n";
			showEnvVarsInLog = 0;
		};
		A767E2CACFD3AF514575FD7E /* [CP] Copy Pods Resources */ = {
			isa = PBXShellScriptBuildPhase;
			buildActionMask = 2147483647;
			files = (
			);
			inputPaths = (
			);
			name = "[CP] Copy Pods Resources";
			outputPaths = (
			);
			runOnlyForDeploymentPostprocessing = 0;
			shellPath = /bin/sh;
			shellScript = "\"${SRCROOT}/Pods/Target Support Files/Pods-Connoisseur Club CentralUITests/Pods-Connoisseur Club CentralUITests-resources.sh\"\n";
			showEnvVarsInLog = 0;
		};
		AA3D4857D7F3C9FCD5A6E0C9 /* [CP] Check Pods Manifest.lock */ = {
			isa = PBXShellScriptBuildPhase;
			buildActionMask = 2147483647;
			files = (
			);
			inputPaths = (
			);
			name = "[CP] Check Pods Manifest.lock";
			outputPaths = (
			);
			runOnlyForDeploymentPostprocessing = 0;
			shellPath = /bin/sh;
			shellScript = "diff \"${PODS_PODFILE_DIR_PATH}/Podfile.lock\" \"${PODS_ROOT}/Manifest.lock\" > /dev/null\nif [ $? != 0 ] ; then\n    # print error to STDERR\n    echo \"error: The sandbox is not in sync with the Podfile.lock. Run 'pod install' or update your CocoaPods installation.\" >&2\n    exit 1\nfi\n";
			showEnvVarsInLog = 0;
		};
		E02F7756E34D2252E1AF5BBC /* [CP] Embed Pods Frameworks */ = {
			isa = PBXShellScriptBuildPhase;
			buildActionMask = 2147483647;
			files = (
			);
			inputPaths = (
			);
			name = "[CP] Embed Pods Frameworks";
			outputPaths = (
			);
			runOnlyForDeploymentPostprocessing = 0;
			shellPath = /bin/sh;
			shellScript = "\"${SRCROOT}/Pods/Target Support Files/Pods-Connoisseur Club Central/Pods-Connoisseur Club Central-frameworks.sh\"\n";
			showEnvVarsInLog = 0;
		};
		F0F28168AB707E2025933530 /* [CP] Copy Pods Resources */ = {
			isa = PBXShellScriptBuildPhase;
			buildActionMask = 2147483647;
			files = (
			);
			inputPaths = (
			);
			name = "[CP] Copy Pods Resources";
			outputPaths = (
			);
			runOnlyForDeploymentPostprocessing = 0;
			shellPath = /bin/sh;
			shellScript = "\"${SRCROOT}/Pods/Target Support Files/Pods-Connoisseur Club CentralTests/Pods-Connoisseur Club CentralTests-resources.sh\"\n";
			showEnvVarsInLog = 0;
		};
/* End PBXShellScriptBuildPhase section */

/* Begin PBXSourcesBuildPhase section */
		99C52B9F1E6E26C300B7F9F6 /* Sources */ = {
			isa = PBXSourcesBuildPhase;
			buildActionMask = 2147483647;
			files = (
				99B3C0451EC51B5D0021B29C /* LoginViewController.swift in Sources */,
				99692A771ED27897003AC326 /* QuickAddTableViewCell.swift in Sources */,
				99C52BD71E6E27B800B7F9F6 /* BeerListingTableViewCell.swift in Sources */,
				99C52BAB1E6E26C300B7F9F6 /* BeerListViewController.swift in Sources */,
				99C52BA71E6E26C300B7F9F6 /* AppDelegate.swift in Sources */,
				9986684C1E8DA6D10094FFC0 /* ProfileViewController.swift in Sources */,
				99C52BD91E6E3FA200B7F9F6 /* Beer.swift in Sources */,
				9931F8621E931B16005D9D20 /* MyBeersViewController.swift in Sources */,
				998668521E8DAA6D0094FFC0 /* TodaysBeersViewController.swift in Sources */,
				996D3AE51EC3EF4E007C3DA5 /* Connoisseur.swift in Sources */,
				990EA95A1EC30070002D0842 /* BeerList.swift in Sources */,
				99C52BA91E6E26C300B7F9F6 /* QuickAddViewController.swift in Sources */,
				99B3C0431EC5160B0021B29C /* Server.swift in Sources */,
				998775521E9C23490003B13F /* Constants.swift in Sources */,
			);
			runOnlyForDeploymentPostprocessing = 0;
		};
		99C52BB51E6E26C300B7F9F6 /* Sources */ = {
			isa = PBXSourcesBuildPhase;
			buildActionMask = 2147483647;
			files = (
				99C52BBE1E6E26C300B7F9F6 /* Connoisseur_Club_CentralTests.swift in Sources */,
			);
			runOnlyForDeploymentPostprocessing = 0;
		};
		99C52BC01E6E26C300B7F9F6 /* Sources */ = {
			isa = PBXSourcesBuildPhase;
			buildActionMask = 2147483647;
			files = (
				99C52BC91E6E26C300B7F9F6 /* Connoisseur_Club_CentralUITests.swift in Sources */,
			);
			runOnlyForDeploymentPostprocessing = 0;
		};
/* End PBXSourcesBuildPhase section */

/* Begin PBXTargetDependency section */
		99C52BBB1E6E26C300B7F9F6 /* PBXTargetDependency */ = {
			isa = PBXTargetDependency;
			target = 99C52BA21E6E26C300B7F9F6 /* Connoisseur Club Central */;
			targetProxy = 99C52BBA1E6E26C300B7F9F6 /* PBXContainerItemProxy */;
		};
		99C52BC61E6E26C300B7F9F6 /* PBXTargetDependency */ = {
			isa = PBXTargetDependency;
			target = 99C52BA21E6E26C300B7F9F6 /* Connoisseur Club Central */;
			targetProxy = 99C52BC51E6E26C300B7F9F6 /* PBXContainerItemProxy */;
		};
/* End PBXTargetDependency section */

/* Begin PBXVariantGroup section */
		99C52BAC1E6E26C300B7F9F6 /* Main.storyboard */ = {
			isa = PBXVariantGroup;
			children = (
				99C52BAD1E6E26C300B7F9F6 /* Base */,
			);
			name = Main.storyboard;
			sourceTree = "<group>";
		};
		99C52BB11E6E26C300B7F9F6 /* LaunchScreen.storyboard */ = {
			isa = PBXVariantGroup;
			children = (
				99C52BB21E6E26C300B7F9F6 /* Base */,
			);
			name = LaunchScreen.storyboard;
			sourceTree = "<group>";
		};
/* End PBXVariantGroup section */

/* Begin XCBuildConfiguration section */
		99C52BCB1E6E26C300B7F9F6 /* Debug */ = {
			isa = XCBuildConfiguration;
			buildSettings = {
				ALWAYS_SEARCH_USER_PATHS = NO;
				CLANG_ANALYZER_NONNULL = YES;
				CLANG_CXX_LANGUAGE_STANDARD = "gnu++0x";
				CLANG_CXX_LIBRARY = "libc++";
				CLANG_ENABLE_MODULES = YES;
				CLANG_ENABLE_OBJC_ARC = YES;
				CLANG_WARN_BOOL_CONVERSION = YES;
				CLANG_WARN_CONSTANT_CONVERSION = YES;
				CLANG_WARN_DIRECT_OBJC_ISA_USAGE = YES_ERROR;
				CLANG_WARN_DOCUMENTATION_COMMENTS = YES;
				CLANG_WARN_EMPTY_BODY = YES;
				CLANG_WARN_ENUM_CONVERSION = YES;
				CLANG_WARN_INFINITE_RECURSION = YES;
				CLANG_WARN_INT_CONVERSION = YES;
				CLANG_WARN_OBJC_ROOT_CLASS = YES_ERROR;
				CLANG_WARN_SUSPICIOUS_MOVE = YES;
				CLANG_WARN_UNREACHABLE_CODE = YES;
				CLANG_WARN__DUPLICATE_METHOD_MATCH = YES;
				"CODE_SIGN_IDENTITY[sdk=iphoneos*]" = "iPhone Developer";
				COPY_PHASE_STRIP = NO;
				DEBUG_INFORMATION_FORMAT = dwarf;
				ENABLE_STRICT_OBJC_MSGSEND = YES;
				ENABLE_TESTABILITY = YES;
				GCC_C_LANGUAGE_STANDARD = gnu99;
				GCC_DYNAMIC_NO_PIC = NO;
				GCC_NO_COMMON_BLOCKS = YES;
				GCC_OPTIMIZATION_LEVEL = 0;
				GCC_PREPROCESSOR_DEFINITIONS = (
					"DEBUG=1",
					"$(inherited)",
				);
				GCC_WARN_64_TO_32_BIT_CONVERSION = YES;
				GCC_WARN_ABOUT_RETURN_TYPE = YES_ERROR;
				GCC_WARN_UNDECLARED_SELECTOR = YES;
				GCC_WARN_UNINITIALIZED_AUTOS = YES_AGGRESSIVE;
				GCC_WARN_UNUSED_FUNCTION = YES;
				GCC_WARN_UNUSED_VARIABLE = YES;
				IPHONEOS_DEPLOYMENT_TARGET = 10.2;
				MTL_ENABLE_DEBUG_INFO = YES;
				ONLY_ACTIVE_ARCH = YES;
				SDKROOT = iphoneos;
				SWIFT_ACTIVE_COMPILATION_CONDITIONS = DEBUG;
				SWIFT_OPTIMIZATION_LEVEL = "-Onone";
			};
			name = Debug;
		};
		99C52BCC1E6E26C300B7F9F6 /* Release */ = {
			isa = XCBuildConfiguration;
			buildSettings = {
				ALWAYS_SEARCH_USER_PATHS = NO;
				CLANG_ANALYZER_NONNULL = YES;
				CLANG_CXX_LANGUAGE_STANDARD = "gnu++0x";
				CLANG_CXX_LIBRARY = "libc++";
				CLANG_ENABLE_MODULES = YES;
				CLANG_ENABLE_OBJC_ARC = YES;
				CLANG_WARN_BOOL_CONVERSION = YES;
				CLANG_WARN_CONSTANT_CONVERSION = YES;
				CLANG_WARN_DIRECT_OBJC_ISA_USAGE = YES_ERROR;
				CLANG_WARN_DOCUMENTATION_COMMENTS = YES;
				CLANG_WARN_EMPTY_BODY = YES;
				CLANG_WARN_ENUM_CONVERSION = YES;
				CLANG_WARN_INFINITE_RECURSION = YES;
				CLANG_WARN_INT_CONVERSION = YES;
				CLANG_WARN_OBJC_ROOT_CLASS = YES_ERROR;
				CLANG_WARN_SUSPICIOUS_MOVE = YES;
				CLANG_WARN_UNREACHABLE_CODE = YES;
				CLANG_WARN__DUPLICATE_METHOD_MATCH = YES;
				"CODE_SIGN_IDENTITY[sdk=iphoneos*]" = "iPhone Developer";
				COPY_PHASE_STRIP = NO;
				DEBUG_INFORMATION_FORMAT = "dwarf-with-dsym";
				ENABLE_NS_ASSERTIONS = NO;
				ENABLE_STRICT_OBJC_MSGSEND = YES;
				GCC_C_LANGUAGE_STANDARD = gnu99;
				GCC_NO_COMMON_BLOCKS = YES;
				GCC_WARN_64_TO_32_BIT_CONVERSION = YES;
				GCC_WARN_ABOUT_RETURN_TYPE = YES_ERROR;
				GCC_WARN_UNDECLARED_SELECTOR = YES;
				GCC_WARN_UNINITIALIZED_AUTOS = YES_AGGRESSIVE;
				GCC_WARN_UNUSED_FUNCTION = YES;
				GCC_WARN_UNUSED_VARIABLE = YES;
				IPHONEOS_DEPLOYMENT_TARGET = 10.2;
				MTL_ENABLE_DEBUG_INFO = NO;
				SDKROOT = iphoneos;
				SWIFT_OPTIMIZATION_LEVEL = "-Owholemodule";
				VALIDATE_PRODUCT = YES;
			};
			name = Release;
		};
		99C52BCE1E6E26C300B7F9F6 /* Debug */ = {
			isa = XCBuildConfiguration;
			baseConfigurationReference = 235945F4578D4326D07CD9CA /* Pods-Connoisseur Club Central.debug.xcconfig */;
			buildSettings = {
				ASSETCATALOG_COMPILER_APPICON_NAME = AppIcon;
				DEVELOPMENT_TEAM = UZ35626636;
				INFOPLIST_FILE = "Connoisseur Club Central/Info.plist";
				IPHONEOS_DEPLOYMENT_TARGET = 10.2;
				LD_RUNPATH_SEARCH_PATHS = "$(inherited) @executable_path/Frameworks";
				PRODUCT_BUNDLE_IDENTIFIER = "Joecean.Connoisseur-Club-Central";
				PRODUCT_NAME = "$(TARGET_NAME)";
				SWIFT_VERSION = 3.0;
			};
			name = Debug;
		};
		99C52BCF1E6E26C300B7F9F6 /* Release */ = {
			isa = XCBuildConfiguration;
			baseConfigurationReference = 10DC687D1AD44D5E9276195A /* Pods-Connoisseur Club Central.release.xcconfig */;
			buildSettings = {
				ASSETCATALOG_COMPILER_APPICON_NAME = AppIcon;
				DEVELOPMENT_TEAM = UZ35626636;
				INFOPLIST_FILE = "Connoisseur Club Central/Info.plist";
				IPHONEOS_DEPLOYMENT_TARGET = 10.2;
				LD_RUNPATH_SEARCH_PATHS = "$(inherited) @executable_path/Frameworks";
				PRODUCT_BUNDLE_IDENTIFIER = "Joecean.Connoisseur-Club-Central";
				PRODUCT_NAME = "$(TARGET_NAME)";
				SWIFT_VERSION = 3.0;
			};
			name = Release;
		};
		99C52BD11E6E26C300B7F9F6 /* Debug */ = {
			isa = XCBuildConfiguration;
			baseConfigurationReference = A7F024FD6DEA828FB02E138E /* Pods-Connoisseur Club CentralTests.debug.xcconfig */;
			buildSettings = {
				ALWAYS_EMBED_SWIFT_STANDARD_LIBRARIES = YES;
				BUNDLE_LOADER = "$(TEST_HOST)";
				INFOPLIST_FILE = "Connoisseur Club CentralTests/Info.plist";
				LD_RUNPATH_SEARCH_PATHS = "$(inherited) @executable_path/Frameworks @loader_path/Frameworks";
				PRODUCT_BUNDLE_IDENTIFIER = "Joecean.Connoisseur-Club-CentralTests";
				PRODUCT_NAME = "$(TARGET_NAME)";
				SWIFT_VERSION = 3.0;
				TEST_HOST = "$(BUILT_PRODUCTS_DIR)/Connoisseur Club Central.app/Connoisseur Club Central";
			};
			name = Debug;
		};
		99C52BD21E6E26C300B7F9F6 /* Release */ = {
			isa = XCBuildConfiguration;
			baseConfigurationReference = 161985B831FE20EA499430F1 /* Pods-Connoisseur Club CentralTests.release.xcconfig */;
			buildSettings = {
				ALWAYS_EMBED_SWIFT_STANDARD_LIBRARIES = YES;
				BUNDLE_LOADER = "$(TEST_HOST)";
				INFOPLIST_FILE = "Connoisseur Club CentralTests/Info.plist";
				LD_RUNPATH_SEARCH_PATHS = "$(inherited) @executable_path/Frameworks @loader_path/Frameworks";
				PRODUCT_BUNDLE_IDENTIFIER = "Joecean.Connoisseur-Club-CentralTests";
				PRODUCT_NAME = "$(TARGET_NAME)";
				SWIFT_VERSION = 3.0;
				TEST_HOST = "$(BUILT_PRODUCTS_DIR)/Connoisseur Club Central.app/Connoisseur Club Central";
			};
			name = Release;
		};
		99C52BD41E6E26C300B7F9F6 /* Debug */ = {
			isa = XCBuildConfiguration;
			baseConfigurationReference = A3FEF1FF31E7C28AA45AA975 /* Pods-Connoisseur Club CentralUITests.debug.xcconfig */;
			buildSettings = {
				ALWAYS_EMBED_SWIFT_STANDARD_LIBRARIES = YES;
				INFOPLIST_FILE = "Connoisseur Club CentralUITests/Info.plist";
				LD_RUNPATH_SEARCH_PATHS = "$(inherited) @executable_path/Frameworks @loader_path/Frameworks";
				PRODUCT_BUNDLE_IDENTIFIER = "Joecean.Connoisseur-Club-CentralUITests";
				PRODUCT_NAME = "$(TARGET_NAME)";
				SWIFT_VERSION = 3.0;
				TEST_TARGET_NAME = "Connoisseur Club Central";
			};
			name = Debug;
		};
		99C52BD51E6E26C300B7F9F6 /* Release */ = {
			isa = XCBuildConfiguration;
			baseConfigurationReference = C09D2730E7BC85429EFA1037 /* Pods-Connoisseur Club CentralUITests.release.xcconfig */;
			buildSettings = {
				ALWAYS_EMBED_SWIFT_STANDARD_LIBRARIES = YES;
				INFOPLIST_FILE = "Connoisseur Club CentralUITests/Info.plist";
				LD_RUNPATH_SEARCH_PATHS = "$(inherited) @executable_path/Frameworks @loader_path/Frameworks";
				PRODUCT_BUNDLE_IDENTIFIER = "Joecean.Connoisseur-Club-CentralUITests";
				PRODUCT_NAME = "$(TARGET_NAME)";
				SWIFT_VERSION = 3.0;
				TEST_TARGET_NAME = "Connoisseur Club Central";
			};
			name = Release;
		};
/* End XCBuildConfiguration section */

/* Begin XCConfigurationList section */
		99C52B9E1E6E26C300B7F9F6 /* Build configuration list for PBXProject "Connoisseur Club Central" */ = {
			isa = XCConfigurationList;
			buildConfigurations = (
				99C52BCB1E6E26C300B7F9F6 /* Debug */,
				99C52BCC1E6E26C300B7F9F6 /* Release */,
			);
			defaultConfigurationIsVisible = 0;
			defaultConfigurationName = Release;
		};
		99C52BCD1E6E26C300B7F9F6 /* Build configuration list for PBXNativeTarget "Connoisseur Club Central" */ = {
			isa = XCConfigurationList;
			buildConfigurations = (
				99C52BCE1E6E26C300B7F9F6 /* Debug */,
				99C52BCF1E6E26C300B7F9F6 /* Release */,
			);
			defaultConfigurationIsVisible = 0;
			defaultConfigurationName = Release;
		};
		99C52BD01E6E26C300B7F9F6 /* Build configuration list for PBXNativeTarget "Connoisseur Club CentralTests" */ = {
			isa = XCConfigurationList;
			buildConfigurations = (
				99C52BD11E6E26C300B7F9F6 /* Debug */,
				99C52BD21E6E26C300B7F9F6 /* Release */,
			);
			defaultConfigurationIsVisible = 0;
			defaultConfigurationName = Release;
		};
		99C52BD31E6E26C300B7F9F6 /* Build configuration list for PBXNativeTarget "Connoisseur Club CentralUITests" */ = {
			isa = XCConfigurationList;
			buildConfigurations = (
				99C52BD41E6E26C300B7F9F6 /* Debug */,
				99C52BD51E6E26C300B7F9F6 /* Release */,
			);
			defaultConfigurationIsVisible = 0;
			defaultConfigurationName = Release;
		};
/* End XCConfigurationList section */
	};
	rootObject = 99C52B9B1E6E26C300B7F9F6 /* Project object */;
}
